# THIS IS AN AUTOGENERATED FILE. DO NOT EDIT THIS FILE DIRECTLY.
# yarn lockfile v1


"@kqtec/graphql-uni-app-client@github:kqtec/graphql-uni-app-client":
  version "1.0.2"
  resolved "https://codeload.github.com/kqtec/graphql-uni-app-client/tar.gz/bd9293f290cf5d4db391be6412e3bb3a6dc2704e"
  dependencies:
    lokka "^1.7.0"

babel-runtime@6.x.x:
  version "6.26.0"
  resolved "https://registry.yarnpkg.com/babel-runtime/-/babel-runtime-6.26.0.tgz#965c7058668e82b55d7bfe04ff2337bc8b5647fe"
  integrity sha1-llxwWGaOgrVde/4E/yM3vItWR/4=
  dependencies:
    core-js "^2.4.0"
    regenerator-runtime "^0.11.0"

core-js@^2.4.0:
  version "2.6.11"
  resolved "https://registry.yarnpkg.com/core-js/-/core-js-2.6.11.tgz#38831469f9922bded8ee21c9dc46985e0399308c"
  integrity sha512-5wjnpaT/3dV+XB4borEsnAYQchn00XSgTAWKDkEqv+K8KevjbzmofK6hfJ9TZIlpj2N0xQpazy7PiRQiWHqzWg==

flatted@^2.0.0:
  version "2.0.1"
  resolved "https://registry.yarnpkg.com/flatted/-/flatted-2.0.1.tgz#69e57caa8f0eacbc281d2e2cb458d46fdb449e08"
  integrity sha512-a1hQMktqW9Nmqr5aktAux3JMNqaucxGcjtjWnZLHX7yyPCmlSV3M54nGYbqT8K+0GhF3NBgmJCc3ma+WOgX8Jg==

lodash.merge@^4.6.2:
  version "4.6.2"
  resolved "https://registry.yarnpkg.com/lodash.merge/-/lodash.merge-4.6.2.tgz#558aa53b43b661e1925a0afdfa36a9a1085fe57a"
  integrity sha512-0KpjqXRVvrYyCsX1swR/XTK0va6VQkQM6MNo7PqW77ByjAhoARA8EfrP1N4+KlKj8YS0ZUCtRT/YUuhyYDujIQ==

lodash@^4.17.15:
  version "4.17.15"
  resolved "https://registry.yarnpkg.com/lodash/-/lodash-4.17.15.tgz#b447f6670a0455bbfeedd11392eff330ea097548"
  integrity sha512-8xOcRHvCjnocdS5cpwXQXVzmmh5e5+saE2QGoeQmbKmRS6J3VQppPOIt0MnmE+4xlZoumy0GPG0D0MVIQbNA1A==

lokka@^1.7.0:
  version "1.7.0"
  resolved "https://registry.yarnpkg.com/lokka/-/lokka-1.7.0.tgz#ab2e8334612d2afd359aa89047547bd7de21046c"
  integrity sha1-qy6DNGEtKv01mqiQR1R7194hBGw=
  dependencies:
    babel-runtime "6.x.x"
    uuid "2.x.x"

mp-storage@^1.0.3:
  version "1.0.3"
  resolved "https://registry.yarnpkg.com/mp-storage/-/mp-storage-1.0.3.tgz#67421c1b8ab369a0fa3c3f77936f5801d6ca3fe6"
  integrity sha512-lee0FhLUPF3r1SQWMtibHFhKVU5LetPvTMTmL4S7CFXahBWVeyFGZQxppl6VZerr22mTe/A0PScx8WwqdbVRJg==

regenerator-runtime@^0.11.0:
  version "0.11.1"
  resolved "https://registry.yarnpkg.com/regenerator-runtime/-/regenerator-runtime-0.11.1.tgz#be05ad7f9bf7d22e056f9726cee5017fbf19e2e9"
  integrity sha512-MguG95oij0fC3QV3URf4V2SDYGJhJnJGqvIIgdECeODCT98wSWDAJ94SSuVpYQUoTcGUIL6L4yNB7j1DFFHSBg==

uuid@2.x.x:
  version "2.0.3"
  resolved "https://registry.yarnpkg.com/uuid/-/uuid-2.0.3.tgz#67e2e863797215530dff318e5bf9dcebfd47b21a"
  integrity sha1-Z+LoY3lyFVMN/zGOW/nc6/1Hsho=

vuex-persist@^2.2.0:
  version "2.2.0"
  resolved "https://registry.yarnpkg.com/vuex-persist/-/vuex-persist-2.2.0.tgz#4acec75562896b045c43d319690b93d6bc1b2bbc"
  integrity sha512-o/qbBeMcKZZqMvCXc7kfIew/5cjHxlP1f53rx5YYp3r2tk2kxXYK/UZumxKn7OXywlurl2r0mgkuBzH6nIWFjw==
  dependencies:
    flatted "^2.0.0"
    lodash.merge "^4.6.2"
